
Microsoft Visual Studio Solution File, Format Version 12.00
# Visual Studio Version 16
VisualStudioVersion = 16.0.30804.86
MinimumVisualStudioVersion = 10.0.40219.1
Project("{FAE04EC0-301F-11D3-BF4B-00C04F79EFBC}") = "ReportService", "ReportService.csproj", "{F3BF783F-C99B-42DF-B82C-D104DBE2DA9B}"
EndProject
Project("{FAE04EC0-301F-11D3-BF4B-00C04F79EFBC}") = "EmailSender", "EmailSender\EmailSender.csproj", "{CF408EC1-CDC3-49F1-AD03-848B43601A57}"
EndProject
Project("{FAE04EC0-301F-11D3-BF4B-00C04F79EFBC}") = "ReportService.Core", "ReportService.Core\ReportService.Core.csproj", "{505EC4B9-A18C-4E63-B7DE-787728FED8D3}"
EndProject
Project("{FAE04EC0-301F-11D3-BF4B-00C04F79EFBC}") = "ReportService.ConsoleApp", "ReportService.ConsoleApp\ReportService.ConsoleApp.csproj", "{08259C75-4613-4CAA-A66C-011281BE622B}"
EndProject
Project("{FAE04EC0-301F-11D3-BF4B-00C04F79EFBC}") = "Cipher", "Cipher\Cipher.csproj", "{4DB7570D-EC73-487F-9D28-7D5FCE96D9E5}"
EndProject
Global
	GlobalSection(SolutionConfigurationPlatforms) = preSolution
		Debug|Any CPU = Debug|Any CPU
		Release|Any CPU = Release|Any CPU
	EndGlobalSection
	GlobalSection(ProjectConfigurationPlatforms) = postSolution
		{F3BF783F-C99B-42DF-B82C-D104DBE2DA9B}.Debug|Any CPU.ActiveCfg = Debug|Any CPU
		{F3BF783F-C99B-42DF-B82C-D104DBE2DA9B}.Debug|Any CPU.Build.0 = Debug|Any CPU
		{F3BF783F-C99B-42DF-B82C-D104DBE2DA9B}.Release|Any CPU.ActiveCfg = Release|Any CPU
		{F3BF783F-C99B-42DF-B82C-D104DBE2DA9B}.Release|Any CPU.Build.0 = Release|Any CPU
		{CF408EC1-CDC3-49F1-AD03-848B43601A57}.Debug|Any CPU.ActiveCfg = Debug|Any CPU
		{CF408EC1-CDC3-49F1-AD03-848B43601A57}.Debug|Any CPU.Build.0 = Debug|Any CPU
		{CF408EC1-CDC3-49F1-AD03-848B43601A57}.Release|Any CPU.ActiveCfg = Release|Any CPU
		{CF408EC1-CDC3-49F1-AD03-848B43601A57}.Release|Any CPU.Build.0 = Release|Any CPU
		{505EC4B9-A18C-4E63-B7DE-787728FED8D3}.Debug|Any CPU.ActiveCfg = Debug|Any CPU
		{505EC4B9-A18C-4E63-B7DE-787728FED8D3}.Debug|Any CPU.Build.0 = Debug|Any CPU
		{505EC4B9-A18C-4E63-B7DE-787728FED8D3}.Release|Any CPU.ActiveCfg = Release|Any CPU
		{505EC4B9-A18C-4E63-B7DE-787728FED8D3}.Release|Any CPU.Build.0 = Release|Any CPU
		{08259C75-4613-4CAA-A66C-011281BE622B}.Debug|Any CPU.ActiveCfg = Debug|Any CPU
		{08259C75-4613-4CAA-A66C-011281BE622B}.Debug|Any CPU.Build.0 = Debug|Any CPU
		{08259C75-4613-4CAA-A66C-011281BE622B}.Release|Any CPU.ActiveCfg = Release|Any CPU
		{08259C75-4613-4CAA-A66C-011281BE622B}.Release|Any CPU.Build.0 = Release|Any CPU
		{4DB7570D-EC73-487F-9D28-7D5FCE96D9E5}.Debug|Any CPU.ActiveCfg = Debug|Any CPU
		{4DB7570D-EC73-487F-9D28-7D5FCE96D9E5}.Debug|Any CPU.Build.0 = Debug|Any CPU
		{4DB7570D-EC73-487F-9D28-7D5FCE96D9E5}.Release|Any CPU.ActiveCfg = Release|Any CPU
		{4DB7570D-EC73-487F-9D28-7D5FCE96D9E5}.Release|Any CPU.Build.0 = Release|Any CPU
	EndGlobalSection
	GlobalSection(SolutionProperties) = preSolution
		HideSolutionNode = FALSE
	EndGlobalSection
	GlobalSection(ExtensibilityGlobals) = postSolution
		SolutionGuid = {CAAA3041-BCF7-4A5F-BEAB-92E227B421BB}
	EndGlobalSection
EndGlobal
